
Microsoft Visual Studio Solution File, Format Version 12.00
# Visual Studio 15
VisualStudioVersion = 15.0.28307.1778
MinimumVisualStudioVersion = 10.0.40219.1
Project("{888888A0-9F3D-457C-B088-3A5042F75D52}") = "AccentureTest", "AccentureTest\AccentureTest.pyproj", "{1DA6AE27-6E73-4804-BEB2-7068C3A94B3D}"
EndProject
Global
	GlobalSection(SolutionConfigurationPlatforms) = preSolution
		Debug|Any CPU = Debug|Any CPU
		Release|Any CPU = Release|Any CPU
	EndGlobalSection
	GlobalSection(ProjectConfigurationPlatforms) = postSolution
		{1DA6AE27-6E73-4804-BEB2-7068C3A94B3D}.Debug|Any CPU.ActiveCfg = Debug|Any CPU
		{1DA6AE27-6E73-4804-BEB2-7068C3A94B3D}.Release|Any CPU.ActiveCfg = Release|Any CPU
	EndGlobalSection
	GlobalSection(SolutionProperties) = preSolution
		HideSolutionNode = FALSE
	EndGlobalSection
	GlobalSection(ExtensibilityGlobals) = postSolution
		SolutionGuid = {A12EBE30-115D-4058-8318-FA80300F20CA}
	EndGlobalSection
EndGlobal
